// !$*UTF8*$!
{
	archiveVersion = 1;
	classes = {
	};
	objectVersion = 51;
	objects = {

/* Begin PBXBuildFile section */
		0561D0E18F1D9D3F566BC681 /* Pods_TestChanel_TestChanelUITests.framework in Frameworks */ = {isa = PBXBuildFile; fileRef = DF09B52F290687DC6D83F88E /* Pods_TestChanel_TestChanelUITests.framework */; };
		0D81FBD5EB92A7C7E3EBCCE4 /* Pods_TestChanelTests.framework in Frameworks */ = {isa = PBXBuildFile; fileRef = 7899AEF47FBCAFB19D9244B8 /* Pods_TestChanelTests.framework */; };
		503E4A8C239D82DE00EC9E6C /* WeatherCityTableViewCell.swift in Sources */ = {isa = PBXBuildFile; fileRef = 503E4A8A239D82DE00EC9E6C /* WeatherCityTableViewCell.swift */; };
		503E4A8D239D82DE00EC9E6C /* WeatherCityTableViewCell.xib in Resources */ = {isa = PBXBuildFile; fileRef = 503E4A8B239D82DE00EC9E6C /* WeatherCityTableViewCell.xib */; };
		50424BCC239F8F440021505D /* ForcastWeatherViewController.swift in Sources */ = {isa = PBXBuildFile; fileRef = 50424BCB239F8F440021505D /* ForcastWeatherViewController.swift */; };
		50424BCE239FA2B80021505D /* CurrentWeather.json in Resources */ = {isa = PBXBuildFile; fileRef = 50424BCD239FA2B80021505D /* CurrentWeather.json */; };
		50424BD0239FA5190021505D /* ForecastWeatherList.json in Resources */ = {isa = PBXBuildFile; fileRef = 50424BCF239FA5190021505D /* ForecastWeatherList.json */; };
		50424BD2239FB6C50021505D /* ForecastWeathersPresenterTests.swift in Sources */ = {isa = PBXBuildFile; fileRef = 50424BD1239FB6C50021505D /* ForecastWeathersPresenterTests.swift */; };
		50444C8F239DC7EA008FD989 /* Rain.swift in Sources */ = {isa = PBXBuildFile; fileRef = 50444C8E239DC7EA008FD989 /* Rain.swift */; };
		50444C91239DCEB0008FD989 /* URLs.swift in Sources */ = {isa = PBXBuildFile; fileRef = 50444C90239DCEB0008FD989 /* URLs.swift */; };
		50444C93239DCF19008FD989 /* CurrentWeathersPresenter.swift in Sources */ = {isa = PBXBuildFile; fileRef = 50444C92239DCF19008FD989 /* CurrentWeathersPresenter.swift */; };
		50444C95239DCF4C008FD989 /* ForecastWeathersPresenter.swift in Sources */ = {isa = PBXBuildFile; fileRef = 50444C94239DCF4C008FD989 /* ForecastWeathersPresenter.swift */; };
		50444C97239DD19B008FD989 /* ForecastWeatherList.swift in Sources */ = {isa = PBXBuildFile; fileRef = 50444C96239DD19B008FD989 /* ForecastWeatherList.swift */; };
		50444C99239DD1B8008FD989 /* City.swift in Sources */ = {isa = PBXBuildFile; fileRef = 50444C98239DD1B8008FD989 /* City.swift */; };
		50444C9C239DE348008FD989 /* Int.swift in Sources */ = {isa = PBXBuildFile; fileRef = 50444C9B239DE348008FD989 /* Int.swift */; };
		50444C9F239DE579008FD989 /* ForecastWeatherTableViewCell.swift in Sources */ = {isa = PBXBuildFile; fileRef = 50444C9D239DE579008FD989 /* ForecastWeatherTableViewCell.swift */; };
		50444CA0239DE579008FD989 /* ForecastWeatherTableViewCell.xib in Resources */ = {isa = PBXBuildFile; fileRef = 50444C9E239DE579008FD989 /* ForecastWeatherTableViewCell.xib */; };
		50444CA5239E1347008FD989 /* Coord.swift in Sources */ = {isa = PBXBuildFile; fileRef = 50740182239D62B80031457B /* Coord.swift */; };
		50444CA6239E1347008FD989 /* Sys.swift in Sources */ = {isa = PBXBuildFile; fileRef = 50740180239D62B80031457B /* Sys.swift */; };
		50444CA7239E1347008FD989 /* Int.swift in Sources */ = {isa = PBXBuildFile; fileRef = 50444C9B239DE348008FD989 /* Int.swift */; };
		50444CA8239E1347008FD989 /* Rain.swift in Sources */ = {isa = PBXBuildFile; fileRef = 50444C8E239DC7EA008FD989 /* Rain.swift */; };
		50444CA9239E1347008FD989 /* Main.swift in Sources */ = {isa = PBXBuildFile; fileRef = 50740183239D62B80031457B /* Main.swift */; };
		50444CAA239E1347008FD989 /* Weather.swift in Sources */ = {isa = PBXBuildFile; fileRef = 50740186239D62B80031457B /* Weather.swift */; };
		50444CAB239E1347008FD989 /* AppDelegate.swift in Sources */ = {isa = PBXBuildFile; fileRef = 50740149239D41560031457B /* AppDelegate.swift */; };
		50444CAC239E1347008FD989 /* ForecastWeathersPresenter.swift in Sources */ = {isa = PBXBuildFile; fileRef = 50444C94239DCF4C008FD989 /* ForecastWeathersPresenter.swift */; };
		50444CAD239E1347008FD989 /* SceneDelegate.swift in Sources */ = {isa = PBXBuildFile; fileRef = 5074014B239D41560031457B /* SceneDelegate.swift */; };
		50444CAE239E1347008FD989 /* CurrentWeatherViewController.swift in Sources */ = {isa = PBXBuildFile; fileRef = 5074017A239D46680031457B /* CurrentWeatherViewController.swift */; };
		50444CAF239E1347008FD989 /* ForecastWeatherList.swift in Sources */ = {isa = PBXBuildFile; fileRef = 50444C96239DD19B008FD989 /* ForecastWeatherList.swift */; };
		50444CB0239E1347008FD989 /* WeatherCityTableViewCell.swift in Sources */ = {isa = PBXBuildFile; fileRef = 503E4A8A239D82DE00EC9E6C /* WeatherCityTableViewCell.swift */; };
		50444CB1239E1347008FD989 /* CurrentWeatherList.swift in Sources */ = {isa = PBXBuildFile; fileRef = 50740181239D62B80031457B /* CurrentWeatherList.swift */; };
		50444CB2239E1347008FD989 /* URLs.swift in Sources */ = {isa = PBXBuildFile; fileRef = 50444C90239DCEB0008FD989 /* URLs.swift */; };
		50444CB3239E1347008FD989 /* ForecastWeatherTableViewCell.swift in Sources */ = {isa = PBXBuildFile; fileRef = 50444C9D239DE579008FD989 /* ForecastWeatherTableViewCell.swift */; };
		50444CB4239E1347008FD989 /* List.swift in Sources */ = {isa = PBXBuildFile; fileRef = 50740184239D62B80031457B /* List.swift */; };
		50444CB6239E1347008FD989 /* CurrentWeathersPresenter.swift in Sources */ = {isa = PBXBuildFile; fileRef = 50444C92239DCF19008FD989 /* CurrentWeathersPresenter.swift */; };
		50444CB7239E1347008FD989 /* Clouds.swift in Sources */ = {isa = PBXBuildFile; fileRef = 50740185239D62B80031457B /* Clouds.swift */; };
		50444CB8239E1347008FD989 /* City.swift in Sources */ = {isa = PBXBuildFile; fileRef = 50444C98239DD1B8008FD989 /* City.swift */; };
		50444CB9239E1347008FD989 /* Wind.swift in Sources */ = {isa = PBXBuildFile; fileRef = 50740187239D62B80031457B /* Wind.swift */; };
		50444CBB239E1347008FD989 /* Pods_TestChanel.framework in Frameworks */ = {isa = PBXBuildFile; fileRef = AAA4AD4C81061489AA3BE87A /* Pods_TestChanel.framework */; };
		50444CBD239E1347008FD989 /* LaunchScreen.storyboard in Resources */ = {isa = PBXBuildFile; fileRef = 50740154239D415B0031457B /* LaunchScreen.storyboard */; };
		50444CBE239E1347008FD989 /* WeatherCityTableViewCell.xib in Resources */ = {isa = PBXBuildFile; fileRef = 503E4A8B239D82DE00EC9E6C /* WeatherCityTableViewCell.xib */; };
		50444CBF239E1347008FD989 /* Assets.xcassets in Resources */ = {isa = PBXBuildFile; fileRef = 50740152239D415B0031457B /* Assets.xcassets */; };
		50444CC0239E1347008FD989 /* ForecastWeatherTableViewCell.xib in Resources */ = {isa = PBXBuildFile; fileRef = 50444C9E239DE579008FD989 /* ForecastWeatherTableViewCell.xib */; };
		50444CC1239E1347008FD989 /* Main.storyboard in Resources */ = {isa = PBXBuildFile; fileRef = 5074014F239D41560031457B /* Main.storyboard */; };
		50444CC9239E20AC008FD989 /* TestChanelUITests.swift in Sources */ = {isa = PBXBuildFile; fileRef = 5074016B239D415B0031457B /* TestChanelUITests.swift */; };
		5074014A239D41560031457B /* AppDelegate.swift in Sources */ = {isa = PBXBuildFile; fileRef = 50740149239D41560031457B /* AppDelegate.swift */; };
		5074014C239D41560031457B /* SceneDelegate.swift in Sources */ = {isa = PBXBuildFile; fileRef = 5074014B239D41560031457B /* SceneDelegate.swift */; };
		50740151239D41570031457B /* Main.storyboard in Resources */ = {isa = PBXBuildFile; fileRef = 5074014F239D41560031457B /* Main.storyboard */; };
		50740153239D415B0031457B /* Assets.xcassets in Resources */ = {isa = PBXBuildFile; fileRef = 50740152239D415B0031457B /* Assets.xcassets */; };
		50740156239D415B0031457B /* LaunchScreen.storyboard in Resources */ = {isa = PBXBuildFile; fileRef = 50740154239D415B0031457B /* LaunchScreen.storyboard */; };
		50740161239D415B0031457B /* CurrentWeathersPresenterTests.swift in Sources */ = {isa = PBXBuildFile; fileRef = 50740160239D415B0031457B /* CurrentWeathersPresenterTests.swift */; };
		5074017B239D46680031457B /* CurrentWeatherViewController.swift in Sources */ = {isa = PBXBuildFile; fileRef = 5074017A239D46680031457B /* CurrentWeatherViewController.swift */; };
		50740188239D62B80031457B /* Sys.swift in Sources */ = {isa = PBXBuildFile; fileRef = 50740180239D62B80031457B /* Sys.swift */; };
		50740189239D62B80031457B /* CurrentWeatherList.swift in Sources */ = {isa = PBXBuildFile; fileRef = 50740181239D62B80031457B /* CurrentWeatherList.swift */; };
		5074018A239D62B80031457B /* Coord.swift in Sources */ = {isa = PBXBuildFile; fileRef = 50740182239D62B80031457B /* Coord.swift */; };
		5074018B239D62B80031457B /* Main.swift in Sources */ = {isa = PBXBuildFile; fileRef = 50740183239D62B80031457B /* Main.swift */; };
		5074018C239D62B80031457B /* List.swift in Sources */ = {isa = PBXBuildFile; fileRef = 50740184239D62B80031457B /* List.swift */; };
		5074018D239D62B80031457B /* Clouds.swift in Sources */ = {isa = PBXBuildFile; fileRef = 50740185239D62B80031457B /* Clouds.swift */; };
		5074018E239D62B80031457B /* Weather.swift in Sources */ = {isa = PBXBuildFile; fileRef = 50740186239D62B80031457B /* Weather.swift */; };
		5074018F239D62B80031457B /* Wind.swift in Sources */ = {isa = PBXBuildFile; fileRef = 50740187239D62B80031457B /* Wind.swift */; };
		82664D13B241A50EA50B9789 /* Pods_TestChanel.framework in Frameworks */ = {isa = PBXBuildFile; fileRef = AAA4AD4C81061489AA3BE87A /* Pods_TestChanel.framework */; };
/* End PBXBuildFile section */

/* Begin PBXContainerItemProxy section */
		5074015D239D415B0031457B /* PBXContainerItemProxy */ = {
			isa = PBXContainerItemProxy;
			containerPortal = 5074013E239D41560031457B /* Project object */;
			proxyType = 1;
			remoteGlobalIDString = 50740145239D41560031457B;
			remoteInfo = TestChanel;
		};
		50740168239D415B0031457B /* PBXContainerItemProxy */ = {
			isa = PBXContainerItemProxy;
			containerPortal = 5074013E239D41560031457B /* Project object */;
			proxyType = 1;
			remoteGlobalIDString = 50740145239D41560031457B;
			remoteInfo = TestChanel;
		};
/* End PBXContainerItemProxy section */

/* Begin PBXFileReference section */
		2828190AD8AA8F83B5447F1B /* Pods-TestChanel-TestChanelUITests.release.xcconfig */ = {isa = PBXFileReference; includeInIndex = 1; lastKnownFileType = text.xcconfig; name = "Pods-TestChanel-TestChanelUITests.release.xcconfig"; path = "Target Support Files/Pods-TestChanel-TestChanelUITests/Pods-TestChanel-TestChanelUITests.release.xcconfig"; sourceTree = "<group>"; };
		2A9AFBB466BA6416F91879EF /* Pods-TestChanel.debug.xcconfig */ = {isa = PBXFileReference; includeInIndex = 1; lastKnownFileType = text.xcconfig; name = "Pods-TestChanel.debug.xcconfig"; path = "Target Support Files/Pods-TestChanel/Pods-TestChanel.debug.xcconfig"; sourceTree = "<group>"; };
		366146287C950FBA534708F8 /* Pods-TestChanel-TestChanelUITests.debug.xcconfig */ = {isa = PBXFileReference; includeInIndex = 1; lastKnownFileType = text.xcconfig; name = "Pods-TestChanel-TestChanelUITests.debug.xcconfig"; path = "Target Support Files/Pods-TestChanel-TestChanelUITests/Pods-TestChanel-TestChanelUITests.debug.xcconfig"; sourceTree = "<group>"; };
		503E4A8A239D82DE00EC9E6C /* WeatherCityTableViewCell.swift */ = {isa = PBXFileReference; lastKnownFileType = sourcecode.swift; path = WeatherCityTableViewCell.swift; sourceTree = "<group>"; };
		503E4A8B239D82DE00EC9E6C /* WeatherCityTableViewCell.xib */ = {isa = PBXFileReference; lastKnownFileType = file.xib; path = WeatherCityTableViewCell.xib; sourceTree = "<group>"; };
		50424BCB239F8F440021505D /* ForcastWeatherViewController.swift */ = {isa = PBXFileReference; fileEncoding = 4; lastKnownFileType = sourcecode.swift; path = ForcastWeatherViewController.swift; sourceTree = "<group>"; };
		50424BCD239FA2B80021505D /* CurrentWeather.json */ = {isa = PBXFileReference; lastKnownFileType = text.json; path = CurrentWeather.json; sourceTree = "<group>"; };
		50424BCF239FA5190021505D /* ForecastWeatherList.json */ = {isa = PBXFileReference; lastKnownFileType = text.json; path = ForecastWeatherList.json; sourceTree = "<group>"; };
		50424BD1239FB6C50021505D /* ForecastWeathersPresenterTests.swift */ = {isa = PBXFileReference; lastKnownFileType = sourcecode.swift; path = ForecastWeathersPresenterTests.swift; sourceTree = "<group>"; };
		50444C8E239DC7EA008FD989 /* Rain.swift */ = {isa = PBXFileReference; fileEncoding = 4; lastKnownFileType = sourcecode.swift; path = Rain.swift; sourceTree = "<group>"; };
		50444C90239DCEB0008FD989 /* URLs.swift */ = {isa = PBXFileReference; lastKnownFileType = sourcecode.swift; path = URLs.swift; sourceTree = "<group>"; };
		50444C92239DCF19008FD989 /* CurrentWeathersPresenter.swift */ = {isa = PBXFileReference; fileEncoding = 4; lastKnownFileType = sourcecode.swift; path = CurrentWeathersPresenter.swift; sourceTree = "<group>"; };
		50444C94239DCF4C008FD989 /* ForecastWeathersPresenter.swift */ = {isa = PBXFileReference; lastKnownFileType = sourcecode.swift; path = ForecastWeathersPresenter.swift; sourceTree = "<group>"; };
		50444C96239DD19B008FD989 /* ForecastWeatherList.swift */ = {isa = PBXFileReference; fileEncoding = 4; lastKnownFileType = sourcecode.swift; path = ForecastWeatherList.swift; sourceTree = "<group>"; };
		50444C98239DD1B8008FD989 /* City.swift */ = {isa = PBXFileReference; fileEncoding = 4; lastKnownFileType = sourcecode.swift; path = City.swift; sourceTree = "<group>"; };
		50444C9B239DE348008FD989 /* Int.swift */ = {isa = PBXFileReference; lastKnownFileType = sourcecode.swift; path = Int.swift; sourceTree = "<group>"; };
		50444C9D239DE579008FD989 /* ForecastWeatherTableViewCell.swift */ = {isa = PBXFileReference; lastKnownFileType = sourcecode.swift; path = ForecastWeatherTableViewCell.swift; sourceTree = "<group>"; };
		50444C9E239DE579008FD989 /* ForecastWeatherTableViewCell.xib */ = {isa = PBXFileReference; lastKnownFileType = file.xib; path = ForecastWeatherTableViewCell.xib; sourceTree = "<group>"; };
		50444CC6239E1347008FD989 /* TestChanel-dev.app */ = {isa = PBXFileReference; explicitFileType = wrapper.application; includeInIndex = 0; path = "TestChanel-dev.app"; sourceTree = BUILT_PRODUCTS_DIR; };
		50444CC7239E1348008FD989 /* Info-dev.plist */ = {isa = PBXFileReference; lastKnownFileType = text.plist.xml; name = "Info-dev.plist"; path = "/Users/yas/Workspace/TestChanel/Info-dev.plist"; sourceTree = "<absolute>"; };
		50740146239D41560031457B /* TestChanel.app */ = {isa = PBXFileReference; explicitFileType = wrapper.application; includeInIndex = 0; path = TestChanel.app; sourceTree = BUILT_PRODUCTS_DIR; };
		50740149239D41560031457B /* AppDelegate.swift */ = {isa = PBXFileReference; lastKnownFileType = sourcecode.swift; path = AppDelegate.swift; sourceTree = "<group>"; };
		5074014B239D41560031457B /* SceneDelegate.swift */ = {isa = PBXFileReference; lastKnownFileType = sourcecode.swift; path = SceneDelegate.swift; sourceTree = "<group>"; };
		50740150239D41560031457B /* Base */ = {isa = PBXFileReference; lastKnownFileType = file.storyboard; name = Base; path = Base.lproj/Main.storyboard; sourceTree = "<group>"; };
		50740152239D415B0031457B /* Assets.xcassets */ = {isa = PBXFileReference; lastKnownFileType = folder.assetcatalog; path = Assets.xcassets; sourceTree = "<group>"; };
		50740155239D415B0031457B /* Base */ = {isa = PBXFileReference; lastKnownFileType = file.storyboard; name = Base; path = Base.lproj/LaunchScreen.storyboard; sourceTree = "<group>"; };
		50740157239D415B0031457B /* Info.plist */ = {isa = PBXFileReference; lastKnownFileType = text.plist.xml; path = Info.plist; sourceTree = "<group>"; };
		5074015C239D415B0031457B /* TestChanelTests.xctest */ = {isa = PBXFileReference; explicitFileType = wrapper.cfbundle; includeInIndex = 0; path = TestChanelTests.xctest; sourceTree = BUILT_PRODUCTS_DIR; };
		50740160239D415B0031457B /* CurrentWeathersPresenterTests.swift */ = {isa = PBXFileReference; lastKnownFileType = sourcecode.swift; path = CurrentWeathersPresenterTests.swift; sourceTree = "<group>"; };
		50740162239D415B0031457B /* Info.plist */ = {isa = PBXFileReference; lastKnownFileType = text.plist.xml; path = Info.plist; sourceTree = "<group>"; };
		50740167239D415B0031457B /* TestChanelUITests.xctest */ = {isa = PBXFileReference; explicitFileType = wrapper.cfbundle; includeInIndex = 0; path = TestChanelUITests.xctest; sourceTree = BUILT_PRODUCTS_DIR; };
		5074016B239D415B0031457B /* TestChanelUITests.swift */ = {isa = PBXFileReference; lastKnownFileType = sourcecode.swift; path = TestChanelUITests.swift; sourceTree = "<group>"; };
		5074016D239D415B0031457B /* Info.plist */ = {isa = PBXFileReference; lastKnownFileType = text.plist.xml; path = Info.plist; sourceTree = "<group>"; };
		5074017A239D46680031457B /* CurrentWeatherViewController.swift */ = {isa = PBXFileReference; lastKnownFileType = sourcecode.swift; path = CurrentWeatherViewController.swift; sourceTree = "<group>"; };
		50740180239D62B80031457B /* Sys.swift */ = {isa = PBXFileReference; fileEncoding = 4; lastKnownFileType = sourcecode.swift; path = Sys.swift; sourceTree = "<group>"; };
		50740181239D62B80031457B /* CurrentWeatherList.swift */ = {isa = PBXFileReference; fileEncoding = 4; lastKnownFileType = sourcecode.swift; path = CurrentWeatherList.swift; sourceTree = "<group>"; };
		50740182239D62B80031457B /* Coord.swift */ = {isa = PBXFileReference; fileEncoding = 4; lastKnownFileType = sourcecode.swift; path = Coord.swift; sourceTree = "<group>"; };
		50740183239D62B80031457B /* Main.swift */ = {isa = PBXFileReference; fileEncoding = 4; lastKnownFileType = sourcecode.swift; path = Main.swift; sourceTree = "<group>"; };
		50740184239D62B80031457B /* List.swift */ = {isa = PBXFileReference; fileEncoding = 4; lastKnownFileType = sourcecode.swift; path = List.swift; sourceTree = "<group>"; };
		50740185239D62B80031457B /* Clouds.swift */ = {isa = PBXFileReference; fileEncoding = 4; lastKnownFileType = sourcecode.swift; path = Clouds.swift; sourceTree = "<group>"; };
		50740186239D62B80031457B /* Weather.swift */ = {isa = PBXFileReference; fileEncoding = 4; lastKnownFileType = sourcecode.swift; path = Weather.swift; sourceTree = "<group>"; };
		50740187239D62B80031457B /* Wind.swift */ = {isa = PBXFileReference; fileEncoding = 4; lastKnownFileType = sourcecode.swift; path = Wind.swift; sourceTree = "<group>"; };
		6FD1558922FF01D6AB28DAA6 /* Pods-TestChanelTests.debug.xcconfig */ = {isa = PBXFileReference; includeInIndex = 1; lastKnownFileType = text.xcconfig; name = "Pods-TestChanelTests.debug.xcconfig"; path = "Target Support Files/Pods-TestChanelTests/Pods-TestChanelTests.debug.xcconfig"; sourceTree = "<group>"; };
		7899AEF47FBCAFB19D9244B8 /* Pods_TestChanelTests.framework */ = {isa = PBXFileReference; explicitFileType = wrapper.framework; includeInIndex = 0; path = Pods_TestChanelTests.framework; sourceTree = BUILT_PRODUCTS_DIR; };
		7E1103EC1546F65C7F382ED3 /* Pods-TestChanelTests.release.xcconfig */ = {isa = PBXFileReference; includeInIndex = 1; lastKnownFileType = text.xcconfig; name = "Pods-TestChanelTests.release.xcconfig"; path = "Target Support Files/Pods-TestChanelTests/Pods-TestChanelTests.release.xcconfig"; sourceTree = "<group>"; };
		AAA4AD4C81061489AA3BE87A /* Pods_TestChanel.framework */ = {isa = PBXFileReference; explicitFileType = wrapper.framework; includeInIndex = 0; path = Pods_TestChanel.framework; sourceTree = BUILT_PRODUCTS_DIR; };
		D260BE55B2D357159D5254D6 /* Pods-TestChanel.release.xcconfig */ = {isa = PBXFileReference; includeInIndex = 1; lastKnownFileType = text.xcconfig; name = "Pods-TestChanel.release.xcconfig"; path = "Target Support Files/Pods-TestChanel/Pods-TestChanel.release.xcconfig"; sourceTree = "<group>"; };
		DF09B52F290687DC6D83F88E /* Pods_TestChanel_TestChanelUITests.framework */ = {isa = PBXFileReference; explicitFileType = wrapper.framework; includeInIndex = 0; path = Pods_TestChanel_TestChanelUITests.framework; sourceTree = BUILT_PRODUCTS_DIR; };
/* End PBXFileReference section */

/* Begin PBXFrameworksBuildPhase section */
		50444CBA239E1347008FD989 /* Frameworks */ = {
			isa = PBXFrameworksBuildPhase;
			buildActionMask = 2147483647;
			files = (
				50444CBB239E1347008FD989 /* Pods_TestChanel.framework in Frameworks */,
			);
			runOnlyForDeploymentPostprocessing = 0;
		};
		50740143239D41560031457B /* Frameworks */ = {
			isa = PBXFrameworksBuildPhase;
			buildActionMask = 2147483647;
			files = (
				82664D13B241A50EA50B9789 /* Pods_TestChanel.framework in Frameworks */,
			);
			runOnlyForDeploymentPostprocessing = 0;
		};
		50740159239D415B0031457B /* Frameworks */ = {
			isa = PBXFrameworksBuildPhase;
			buildActionMask = 2147483647;
			files = (
				0D81FBD5EB92A7C7E3EBCCE4 /* Pods_TestChanelTests.framework in Frameworks */,
			);
			runOnlyForDeploymentPostprocessing = 0;
		};
		50740164239D415B0031457B /* Frameworks */ = {
			isa = PBXFrameworksBuildPhase;
			buildActionMask = 2147483647;
			files = (
				0561D0E18F1D9D3F566BC681 /* Pods_TestChanel_TestChanelUITests.framework in Frameworks */,
			);
			runOnlyForDeploymentPostprocessing = 0;
		};
/* End PBXFrameworksBuildPhase section */

/* Begin PBXGroup section */
		139FE6E4822E9D1D72B54925 /* Pods */ = {
			isa = PBXGroup;
			children = (
				2A9AFBB466BA6416F91879EF /* Pods-TestChanel.debug.xcconfig */,
				D260BE55B2D357159D5254D6 /* Pods-TestChanel.release.xcconfig */,
				366146287C950FBA534708F8 /* Pods-TestChanel-TestChanelUITests.debug.xcconfig */,
				2828190AD8AA8F83B5447F1B /* Pods-TestChanel-TestChanelUITests.release.xcconfig */,
				6FD1558922FF01D6AB28DAA6 /* Pods-TestChanelTests.debug.xcconfig */,
				7E1103EC1546F65C7F382ED3 /* Pods-TestChanelTests.release.xcconfig */,
			);
			path = Pods;
			sourceTree = "<group>";
		};
		503E4A85239D787900EC9E6C /* Codable */ = {
			isa = PBXGroup;
			children = (
				50444C98239DD1B8008FD989 /* City.swift */,
				50740185239D62B80031457B /* Clouds.swift */,
				50740182239D62B80031457B /* Coord.swift */,
				50740181239D62B80031457B /* CurrentWeatherList.swift */,
				50444C96239DD19B008FD989 /* ForecastWeatherList.swift */,
				50740184239D62B80031457B /* List.swift */,
				50740183239D62B80031457B /* Main.swift */,
				50444C8E239DC7EA008FD989 /* Rain.swift */,
				50740180239D62B80031457B /* Sys.swift */,
				50740186239D62B80031457B /* Weather.swift */,
				50740187239D62B80031457B /* Wind.swift */,
			);
			path = Codable;
			sourceTree = "<group>";
		};
		503E4A86239D7DCF00EC9E6C /* Presenters */ = {
			isa = PBXGroup;
			children = (
				50444C92239DCF19008FD989 /* CurrentWeathersPresenter.swift */,
				50444C94239DCF4C008FD989 /* ForecastWeathersPresenter.swift */,
			);
			path = Presenters;
			sourceTree = "<group>";
		};
		503E4A89239D82AB00EC9E6C /* Cells */ = {
			isa = PBXGroup;
			children = (
				503E4A8A239D82DE00EC9E6C /* WeatherCityTableViewCell.swift */,
				503E4A8B239D82DE00EC9E6C /* WeatherCityTableViewCell.xib */,
				50444C9D239DE579008FD989 /* ForecastWeatherTableViewCell.swift */,
				50444C9E239DE579008FD989 /* ForecastWeatherTableViewCell.xib */,
			);
			path = Cells;
			sourceTree = "<group>";
		};
		503E4A8E239D900900EC9E6C /* ProjectFiles */ = {
			isa = PBXGroup;
			children = (
				50740149239D41560031457B /* AppDelegate.swift */,
				5074014B239D41560031457B /* SceneDelegate.swift */,
				50740152239D415B0031457B /* Assets.xcassets */,
				50740154239D415B0031457B /* LaunchScreen.storyboard */,
				50740157239D415B0031457B /* Info.plist */,
				50444CC7239E1348008FD989 /* Info-dev.plist */,
			);
			path = ProjectFiles;
			sourceTree = "<group>";
		};
		503E4A8F239D91CA00EC9E6C /* Storyboard */ = {
			isa = PBXGroup;
			children = (
				5074014F239D41560031457B /* Main.storyboard */,
			);
			path = Storyboard;
			sourceTree = "<group>";
		};
		50444C9A239DE2DA008FD989 /* Extension */ = {
			isa = PBXGroup;
			children = (
				50444C9B239DE348008FD989 /* Int.swift */,
			);
			path = Extension;
			sourceTree = "<group>";
		};
		50444CA1239DF731008FD989 /* Constants */ = {
			isa = PBXGroup;
			children = (
				50444C90239DCEB0008FD989 /* URLs.swift */,
			);
			path = Constants;
			sourceTree = "<group>";
		};
		5074013D239D41560031457B = {
			isa = PBXGroup;
			children = (
				50740148239D41560031457B /* TestChanel */,
				5074015F239D415B0031457B /* TestChanelTests */,
				5074016A239D415B0031457B /* TestChanelUITests */,
				50740147239D41560031457B /* Products */,
				139FE6E4822E9D1D72B54925 /* Pods */,
				9B7FB306C30886F96FB51D38 /* Frameworks */,
			);
			sourceTree = "<group>";
		};
		50740147239D41560031457B /* Products */ = {
			isa = PBXGroup;
			children = (
				50740146239D41560031457B /* TestChanel.app */,
				5074015C239D415B0031457B /* TestChanelTests.xctest */,
				50740167239D415B0031457B /* TestChanelUITests.xctest */,
				50444CC6239E1347008FD989 /* TestChanel-dev.app */,
			);
			name = Products;
			sourceTree = "<group>";
		};
		50740148239D41560031457B /* TestChanel */ = {
			isa = PBXGroup;
			children = (
				50444CA1239DF731008FD989 /* Constants */,
				50444C9A239DE2DA008FD989 /* Extension */,
				503E4A89239D82AB00EC9E6C /* Cells */,
				50740179239D46340031457B /* ViewControllers */,
				5074017F239D62A30031457B /* Models */,
				503E4A86239D7DCF00EC9E6C /* Presenters */,
				503E4A8E239D900900EC9E6C /* ProjectFiles */,
				503E4A8F239D91CA00EC9E6C /* Storyboard */,
			);
			path = TestChanel;
			sourceTree = "<group>";
		};
		5074015F239D415B0031457B /* TestChanelTests */ = {
			isa = PBXGroup;
			children = (
				50740160239D415B0031457B /* CurrentWeathersPresenterTests.swift */,
				50424BD1239FB6C50021505D /* ForecastWeathersPresenterTests.swift */,
				50740162239D415B0031457B /* Info.plist */,
				50424BCD239FA2B80021505D /* CurrentWeather.json */,
				50424BCF239FA5190021505D /* ForecastWeatherList.json */,
			);
			path = TestChanelTests;
			sourceTree = "<group>";
		};
		5074016A239D415B0031457B /* TestChanelUITests */ = {
			isa = PBXGroup;
			children = (
				5074016B239D415B0031457B /* TestChanelUITests.swift */,
				5074016D239D415B0031457B /* Info.plist */,
			);
			path = TestChanelUITests;
			sourceTree = "<group>";
		};
		50740179239D46340031457B /* ViewControllers */ = {
			isa = PBXGroup;
			children = (
				5074017A239D46680031457B /* CurrentWeatherViewController.swift */,
				50424BCB239F8F440021505D /* ForcastWeatherViewController.swift */,
			);
			path = ViewControllers;
			sourceTree = "<group>";
		};
		5074017F239D62A30031457B /* Models */ = {
			isa = PBXGroup;
			children = (
				503E4A85239D787900EC9E6C /* Codable */,
			);
			path = Models;
			sourceTree = "<group>";
		};
		9B7FB306C30886F96FB51D38 /* Frameworks */ = {
			isa = PBXGroup;
			children = (
				AAA4AD4C81061489AA3BE87A /* Pods_TestChanel.framework */,
				DF09B52F290687DC6D83F88E /* Pods_TestChanel_TestChanelUITests.framework */,
				7899AEF47FBCAFB19D9244B8 /* Pods_TestChanelTests.framework */,
			);
			name = Frameworks;
			sourceTree = "<group>";
		};
/* End PBXGroup section */

/* Begin PBXNativeTarget section */
		50444CA2239E1347008FD989 /* TestChanel-dev */ = {
			isa = PBXNativeTarget;
			buildConfigurationList = 50444CC3239E1347008FD989 /* Build configuration list for PBXNativeTarget "TestChanel-dev" */;
			buildPhases = (
				50444CA3239E1347008FD989 /* [CP] Check Pods Manifest.lock */,
				50444CA4239E1347008FD989 /* Sources */,
				50444CBA239E1347008FD989 /* Frameworks */,
				50444CBC239E1347008FD989 /* Resources */,
				50444CC2239E1347008FD989 /* [CP] Embed Pods Frameworks */,
			);
			buildRules = (
			);
			dependencies = (
			);
			name = "TestChanel-dev";
			productName = TestChanel;
			productReference = 50444CC6239E1347008FD989 /* TestChanel-dev.app */;
			productType = "com.apple.product-type.application";
		};
		50740145239D41560031457B /* TestChanel */ = {
			isa = PBXNativeTarget;
			buildConfigurationList = 50740170239D415B0031457B /* Build configuration list for PBXNativeTarget "TestChanel" */;
			buildPhases = (
				AE9E06D1CE76A75A88C2AE31 /* [CP] Check Pods Manifest.lock */,
				50740142239D41560031457B /* Sources */,
				50740143239D41560031457B /* Frameworks */,
				50740144239D41560031457B /* Resources */,
				8DB8382DC7B698E42D1A6522 /* [CP] Embed Pods Frameworks */,
			);
			buildRules = (
			);
			dependencies = (
			);
			name = TestChanel;
			productName = TestChanel;
			productReference = 50740146239D41560031457B /* TestChanel.app */;
			productType = "com.apple.product-type.application";
		};
		5074015B239D415B0031457B /* TestChanelTests */ = {
			isa = PBXNativeTarget;
			buildConfigurationList = 50740173239D415B0031457B /* Build configuration list for PBXNativeTarget "TestChanelTests" */;
			buildPhases = (
				903A178734592B7D6D78F1CC /* [CP] Check Pods Manifest.lock */,
				50740158239D415B0031457B /* Sources */,
				50740159239D415B0031457B /* Frameworks */,
				5074015A239D415B0031457B /* Resources */,
			);
			buildRules = (
			);
			dependencies = (
				5074015E239D415B0031457B /* PBXTargetDependency */,
			);
			name = TestChanelTests;
			productName = TestChanelTests;
			productReference = 5074015C239D415B0031457B /* TestChanelTests.xctest */;
			productType = "com.apple.product-type.bundle.unit-test";
		};
		50740166239D415B0031457B /* TestChanelUITests */ = {
			isa = PBXNativeTarget;
			buildConfigurationList = 50740176239D415B0031457B /* Build configuration list for PBXNativeTarget "TestChanelUITests" */;
			buildPhases = (
				BF8AF5DED13A82EF95F648ED /* [CP] Check Pods Manifest.lock */,
				50740163239D415B0031457B /* Sources */,
				50740164239D415B0031457B /* Frameworks */,
				50740165239D415B0031457B /* Resources */,
				88567F732BC55B5FF61C6D3E /* [CP] Embed Pods Frameworks */,
			);
			buildRules = (
			);
			dependencies = (
				50740169239D415B0031457B /* PBXTargetDependency */,
			);
			name = TestChanelUITests;
			productName = TestChanelUITests;
			productReference = 50740167239D415B0031457B /* TestChanelUITests.xctest */;
			productType = "com.apple.product-type.bundle.ui-testing";
		};
/* End PBXNativeTarget section */

/* Begin PBXProject section */
		5074013E239D41560031457B /* Project object */ = {
			isa = PBXProject;
			attributes = {
				LastSwiftUpdateCheck = 1120;
				LastUpgradeCheck = 1120;
				ORGANIZATIONNAME = "Yasin Akinci";
				TargetAttributes = {
					50740145239D41560031457B = {
						CreatedOnToolsVersion = 11.2.1;
					};
					5074015B239D415B0031457B = {
						CreatedOnToolsVersion = 11.2.1;
						TestTargetID = 50740145239D41560031457B;
					};
					50740166239D415B0031457B = {
						CreatedOnToolsVersion = 11.2.1;
						TestTargetID = 50740145239D41560031457B;
					};
				};
			};
			buildConfigurationList = 50740141239D41560031457B /* Build configuration list for PBXProject "TestChanel" */;
			compatibilityVersion = "Xcode 9.3";
			developmentRegion = en;
			hasScannedForEncodings = 0;
			knownRegions = (
				en,
				Base,
			);
			mainGroup = 5074013D239D41560031457B;
			productRefGroup = 50740147239D41560031457B /* Products */;
			projectDirPath = "";
			projectRoot = "";
			targets = (
				50740145239D41560031457B /* TestChanel */,
				5074015B239D415B0031457B /* TestChanelTests */,
				50740166239D415B0031457B /* TestChanelUITests */,
				50444CA2239E1347008FD989 /* TestChanel-dev */,
			);
		};
/* End PBXProject section */

/* Begin PBXResourcesBuildPhase section */
		50444CBC239E1347008FD989 /* Resources */ = {
			isa = PBXResourcesBuildPhase;
			buildActionMask = 2147483647;
			files = (
				50444CBD239E1347008FD989 /* LaunchScreen.storyboard in Resources */,
				50444CBE239E1347008FD989 /* WeatherCityTableViewCell.xib in Resources */,
				50444CBF239E1347008FD989 /* Assets.xcassets in Resources */,
				50444CC0239E1347008FD989 /* ForecastWeatherTableViewCell.xib in Resources */,
				50444CC1239E1347008FD989 /* Main.storyboard in Resources */,
			);
			runOnlyForDeploymentPostprocessing = 0;
		};
		50740144239D41560031457B /* Resources */ = {
			isa = PBXResourcesBuildPhase;
			buildActionMask = 2147483647;
			files = (
				50740156239D415B0031457B /* LaunchScreen.storyboard in Resources */,
				503E4A8D239D82DE00EC9E6C /* WeatherCityTableViewCell.xib in Resources */,
				50740153239D415B0031457B /* Assets.xcassets in Resources */,
				50444CA0239DE579008FD989 /* ForecastWeatherTableViewCell.xib in Resources */,
				50740151239D41570031457B /* Main.storyboard in Resources */,
			);
			runOnlyForDeploymentPostprocessing = 0;
		};
		5074015A239D415B0031457B /* Resources */ = {
			isa = PBXResourcesBuildPhase;
			buildActionMask = 2147483647;
			files = (
				50424BCE239FA2B80021505D /* CurrentWeather.json in Resources */,
				50424BD0239FA5190021505D /* ForecastWeatherList.json in Resources */,
			);
			runOnlyForDeploymentPostprocessing = 0;
		};
		50740165239D415B0031457B /* Resources */ = {
			isa = PBXResourcesBuildPhase;
			buildActionMask = 2147483647;
			files = (
			);
			runOnlyForDeploymentPostprocessing = 0;
		};
/* End PBXResourcesBuildPhase section */

/* Begin PBXShellScriptBuildPhase section */
		50444CA3239E1347008FD989 /* [CP] Check Pods Manifest.lock */ = {
			isa = PBXShellScriptBuildPhase;
			buildActionMask = 2147483647;
			files = (
			);
			inputFileListPaths = (
			);
			inputPaths = (
				"${PODS_PODFILE_DIR_PATH}/Podfile.lock",
				"${PODS_ROOT}/Manifest.lock",
			);
			name = "[CP] Check Pods Manifest.lock";
			outputFileListPaths = (
			);
			outputPaths = (
				"$(DERIVED_FILE_DIR)/Pods-TestChanel-checkManifestLockResult.txt",
			);
			runOnlyForDeploymentPostprocessing = 0;
			shellPath = /bin/sh;
			shellScript = "diff \"${PODS_PODFILE_DIR_PATH}/Podfile.lock\" \"${PODS_ROOT}/Manifest.lock\" > /dev/null\nif [ $? != 0 ] ; then\n    # print error to STDERR\n    echo \"error: The sandbox is not in sync with the Podfile.lock. Run 'pod install' or update your CocoaPods installation.\" >&2\n    exit 1\nfi\n# This output is used by Xcode 'outputs' to avoid re-running this script phase.\necho \"SUCCESS\" > \"${SCRIPT_OUTPUT_FILE_0}\"\n";
			showEnvVarsInLog = 0;
		};
		50444CC2239E1347008FD989 /* [CP] Embed Pods Frameworks */ = {
			isa = PBXShellScriptBuildPhase;
			buildActionMask = 2147483647;
			files = (
			);
			inputFileListPaths = (
				"${PODS_ROOT}/Target Support Files/Pods-TestChanel/Pods-TestChanel-frameworks-${CONFIGURATION}-input-files.xcfilelist",
			);
			name = "[CP] Embed Pods Frameworks";
			outputFileListPaths = (
				"${PODS_ROOT}/Target Support Files/Pods-TestChanel/Pods-TestChanel-frameworks-${CONFIGURATION}-output-files.xcfilelist",
			);
			runOnlyForDeploymentPostprocessing = 0;
			shellPath = /bin/sh;
			shellScript = "\"${PODS_ROOT}/Target Support Files/Pods-TestChanel/Pods-TestChanel-frameworks.sh\"\n";
			showEnvVarsInLog = 0;
		};
		88567F732BC55B5FF61C6D3E /* [CP] Embed Pods Frameworks */ = {
			isa = PBXShellScriptBuildPhase;
			buildActionMask = 2147483647;
			files = (
			);
			inputFileListPaths = (
				"${PODS_ROOT}/Target Support Files/Pods-TestChanel-TestChanelUITests/Pods-TestChanel-TestChanelUITests-frameworks-${CONFIGURATION}-input-files.xcfilelist",
			);
			name = "[CP] Embed Pods Frameworks";
			outputFileListPaths = (
				"${PODS_ROOT}/Target Support Files/Pods-TestChanel-TestChanelUITests/Pods-TestChanel-TestChanelUITests-frameworks-${CONFIGURATION}-output-files.xcfilelist",
			);
			runOnlyForDeploymentPostprocessing = 0;
			shellPath = /bin/sh;
			shellScript = "\"${PODS_ROOT}/Target Support Files/Pods-TestChanel-TestChanelUITests/Pods-TestChanel-TestChanelUITests-frameworks.sh\"\n";
			showEnvVarsInLog = 0;
		};
		8DB8382DC7B698E42D1A6522 /* [CP] Embed Pods Frameworks */ = {
			isa = PBXShellScriptBuildPhase;
			buildActionMask = 2147483647;
			files = (
			);
			inputFileListPaths = (
				"${PODS_ROOT}/Target Support Files/Pods-TestChanel/Pods-TestChanel-frameworks-${CONFIGURATION}-input-files.xcfilelist",
			);
			name = "[CP] Embed Pods Frameworks";
			outputFileListPaths = (
				"${PODS_ROOT}/Target Support Files/Pods-TestChanel/Pods-TestChanel-frameworks-${CONFIGURATION}-output-files.xcfilelist",
			);
			runOnlyForDeploymentPostprocessing = 0;
			shellPath = /bin/sh;
			shellScript = "\"${PODS_ROOT}/Target Support Files/Pods-TestChanel/Pods-TestChanel-frameworks.sh\"\n";
			showEnvVarsInLog = 0;
		};
		903A178734592B7D6D78F1CC /* [CP] Check Pods Manifest.lock */ = {
			isa = PBXShellScriptBuildPhase;
			buildActionMask = 2147483647;
			files = (
			);
			inputFileListPaths = (
			);
			inputPaths = (
				"${PODS_PODFILE_DIR_PATH}/Podfile.lock",
				"${PODS_ROOT}/Manifest.lock",
			);
			name = "[CP] Check Pods Manifest.lock";
			outputFileListPaths = (
			);
			outputPaths = (
				"$(DERIVED_FILE_DIR)/Pods-TestChanelTests-checkManifestLockResult.txt",
			);
			runOnlyForDeploymentPostprocessing = 0;
			shellPath = /bin/sh;
			shellScript = "diff \"${PODS_PODFILE_DIR_PATH}/Podfile.lock\" \"${PODS_ROOT}/Manifest.lock\" > /dev/null\nif [ $? != 0 ] ; then\n    # print error to STDERR\n    echo \"error: The sandbox is not in sync with the Podfile.lock. Run 'pod install' or update your CocoaPods installation.\" >&2\n    exit 1\nfi\n# This output is used by Xcode 'outputs' to avoid re-running this script phase.\necho \"SUCCESS\" > \"${SCRIPT_OUTPUT_FILE_0}\"\n";
			showEnvVarsInLog = 0;
		};
		AE9E06D1CE76A75A88C2AE31 /* [CP] Check Pods Manifest.lock */ = {
			isa = PBXShellScriptBuildPhase;
			buildActionMask = 2147483647;
			files = (
			);
			inputFileListPaths = (
			);
			inputPaths = (
				"${PODS_PODFILE_DIR_PATH}/Podfile.lock",
				"${PODS_ROOT}/Manifest.lock",
			);
			name = "[CP] Check Pods Manifest.lock";
			outputFileListPaths = (
			);
			outputPaths = (
				"$(DERIVED_FILE_DIR)/Pods-TestChanel-checkManifestLockResult.txt",
			);
			runOnlyForDeploymentPostprocessing = 0;
			shellPath = /bin/sh;
			shellScript = "diff \"${PODS_PODFILE_DIR_PATH}/Podfile.lock\" \"${PODS_ROOT}/Manifest.lock\" > /dev/null\nif [ $? != 0 ] ; then\n    # print error to STDERR\n    echo \"error: The sandbox is not in sync with the Podfile.lock. Run 'pod install' or update your CocoaPods installation.\" >&2\n    exit 1\nfi\n# This output is used by Xcode 'outputs' to avoid re-running this script phase.\necho \"SUCCESS\" > \"${SCRIPT_OUTPUT_FILE_0}\"\n";
			showEnvVarsInLog = 0;
		};
		BF8AF5DED13A82EF95F648ED /* [CP] Check Pods Manifest.lock */ = {
			isa = PBXShellScriptBuildPhase;
			buildActionMask = 2147483647;
			files = (
			);
			inputFileListPaths = (
			);
			inputPaths = (
				"${PODS_PODFILE_DIR_PATH}/Podfile.lock",
				"${PODS_ROOT}/Manifest.lock",
			);
			name = "[CP] Check Pods Manifest.lock";
			outputFileListPaths = (
			);
			outputPaths = (
				"$(DERIVED_FILE_DIR)/Pods-TestChanel-TestChanelUITests-checkManifestLockResult.txt",
			);
			runOnlyForDeploymentPostprocessing = 0;
			shellPath = /bin/sh;
			shellScript = "diff \"${PODS_PODFILE_DIR_PATH}/Podfile.lock\" \"${PODS_ROOT}/Manifest.lock\" > /dev/null\nif [ $? != 0 ] ; then\n    # print error to STDERR\n    echo \"error: The sandbox is not in sync with the Podfile.lock. Run 'pod install' or update your CocoaPods installation.\" >&2\n    exit 1\nfi\n# This output is used by Xcode 'outputs' to avoid re-running this script phase.\necho \"SUCCESS\" > \"${SCRIPT_OUTPUT_FILE_0}\"\n";
			showEnvVarsInLog = 0;
		};
/* End PBXShellScriptBuildPhase section */

/* Begin PBXSourcesBuildPhase section */
		50444CA4239E1347008FD989 /* Sources */ = {
			isa = PBXSourcesBuildPhase;
			buildActionMask = 2147483647;
			files = (
				50444CA5239E1347008FD989 /* Coord.swift in Sources */,
				50444CA6239E1347008FD989 /* Sys.swift in Sources */,
				50444CA7239E1347008FD989 /* Int.swift in Sources */,
				50444CA8239E1347008FD989 /* Rain.swift in Sources */,
				50444CA9239E1347008FD989 /* Main.swift in Sources */,
				50444CAA239E1347008FD989 /* Weather.swift in Sources */,
				50444CAB239E1347008FD989 /* AppDelegate.swift in Sources */,
				50444CAC239E1347008FD989 /* ForecastWeathersPresenter.swift in Sources */,
				50444CAD239E1347008FD989 /* SceneDelegate.swift in Sources */,
				50444CAE239E1347008FD989 /* CurrentWeatherViewController.swift in Sources */,
				50444CAF239E1347008FD989 /* ForecastWeatherList.swift in Sources */,
				50444CB0239E1347008FD989 /* WeatherCityTableViewCell.swift in Sources */,
				50444CB1239E1347008FD989 /* CurrentWeatherList.swift in Sources */,
				50444CB2239E1347008FD989 /* URLs.swift in Sources */,
				50444CB3239E1347008FD989 /* ForecastWeatherTableViewCell.swift in Sources */,
				50444CB4239E1347008FD989 /* List.swift in Sources */,
				50444CB6239E1347008FD989 /* CurrentWeathersPresenter.swift in Sources */,
				50444CB7239E1347008FD989 /* Clouds.swift in Sources */,
				50444CB8239E1347008FD989 /* City.swift in Sources */,
				50444CB9239E1347008FD989 /* Wind.swift in Sources */,
			);
			runOnlyForDeploymentPostprocessing = 0;
		};
		50740142239D41560031457B /* Sources */ = {
			isa = PBXSourcesBuildPhase;
			buildActionMask = 2147483647;
			files = (
				5074018A239D62B80031457B /* Coord.swift in Sources */,
				50740188239D62B80031457B /* Sys.swift in Sources */,
				50444C9C239DE348008FD989 /* Int.swift in Sources */,
				50444C8F239DC7EA008FD989 /* Rain.swift in Sources */,
				50424BCC239F8F440021505D /* ForcastWeatherViewController.swift in Sources */,
				5074018B239D62B80031457B /* Main.swift in Sources */,
				5074018E239D62B80031457B /* Weather.swift in Sources */,
				5074014A239D41560031457B /* AppDelegate.swift in Sources */,
				50444C95239DCF4C008FD989 /* ForecastWeathersPresenter.swift in Sources */,
				5074014C239D41560031457B /* SceneDelegate.swift in Sources */,
				5074017B239D46680031457B /* CurrentWeatherViewController.swift in Sources */,
				50444C97239DD19B008FD989 /* ForecastWeatherList.swift in Sources */,
				503E4A8C239D82DE00EC9E6C /* WeatherCityTableViewCell.swift in Sources */,
				50740189239D62B80031457B /* CurrentWeatherList.swift in Sources */,
				50444C91239DCEB0008FD989 /* URLs.swift in Sources */,
				50444C9F239DE579008FD989 /* ForecastWeatherTableViewCell.swift in Sources */,
				5074018C239D62B80031457B /* List.swift in Sources */,
				50444C93239DCF19008FD989 /* CurrentWeathersPresenter.swift in Sources */,
				5074018D239D62B80031457B /* Clouds.swift in Sources */,
				50444C99239DD1B8008FD989 /* City.swift in Sources */,
				5074018F239D62B80031457B /* Wind.swift in Sources */,
			);
			runOnlyForDeploymentPostprocessing = 0;
		};
		50740158239D415B0031457B /* Sources */ = {
			isa = PBXSourcesBuildPhase;
			buildActionMask = 2147483647;
			files = (
				50424BD2239FB6C50021505D /* ForecastWeathersPresenterTests.swift in Sources */,
				50740161239D415B0031457B /* CurrentWeathersPresenterTests.swift in Sources */,
			);
			runOnlyForDeploymentPostprocessing = 0;
		};
		50740163239D415B0031457B /* Sources */ = {
			isa = PBXSourcesBuildPhase;
			buildActionMask = 2147483647;
			files = (
				50444CC9239E20AC008FD989 /* TestChanelUITests.swift in Sources */,
			);
			runOnlyForDeploymentPostprocessing = 0;
		};
/* End PBXSourcesBuildPhase section */

/* Begin PBXTargetDependency section */
		5074015E239D415B0031457B /* PBXTargetDependency */ = {
			isa = PBXTargetDependency;
			target = 50740145239D41560031457B /* TestChanel */;
			targetProxy = 5074015D239D415B0031457B /* PBXContainerItemProxy */;
		};
		50740169239D415B0031457B /* PBXTargetDependency */ = {
			isa = PBXTargetDependency;
			target = 50740145239D41560031457B /* TestChanel */;
			targetProxy = 50740168239D415B0031457B /* PBXContainerItemProxy */;
		};
/* End PBXTargetDependency section */

/* Begin PBXVariantGroup section */
		5074014F239D41560031457B /* Main.storyboard */ = {
			isa = PBXVariantGroup;
			children = (
				50740150239D41560031457B /* Base */,
			);
			name = Main.storyboard;
			sourceTree = "<group>";
		};
		50740154239D415B0031457B /* LaunchScreen.storyboard */ = {
			isa = PBXVariantGroup;
			children = (
				50740155239D415B0031457B /* Base */,
			);
			name = LaunchScreen.storyboard;
			sourceTree = "<group>";
		};
/* End PBXVariantGroup section */

/* Begin XCBuildConfiguration section */
		50444CC4239E1347008FD989 /* Debug */ = {
			isa = XCBuildConfiguration;
			baseConfigurationReference = 2A9AFBB466BA6416F91879EF /* Pods-TestChanel.debug.xcconfig */;
			buildSettings = {
				ASSETCATALOG_COMPILER_APPICON_NAME = AppIcon;
				CODE_SIGN_STYLE = Automatic;
				CURRENT_PROJECT_VERSION = 1;
				DEVELOPMENT_TEAM = 5Z3QF7P489;
				INFOPLIST_FILE = "TestChanel/ProjectFiles/Info-dev.plist";
				IPHONEOS_DEPLOYMENT_TARGET = 13.0;
				LD_RUNPATH_SEARCH_PATHS = (
					"$(inherited)",
					"@executable_path/Frameworks",
				);
				MARKETING_VERSION = 1.0;
				OTHER_SWIFT_FLAGS = "$(inherited) -D COCOAPODS -DDEVELOPMENT";
				PRODUCT_BUNDLE_IDENTIFIER = "com.yas.TestChanel-dev";
				PRODUCT_NAME = "$(TARGET_NAME)";
				SWIFT_VERSION = 5.0;
				TARGETED_DEVICE_FAMILY = "1,2";
			};
			name = Debug;
		};
		50444CC5239E1347008FD989 /* Release */ = {
			isa = XCBuildConfiguration;
			baseConfigurationReference = D260BE55B2D357159D5254D6 /* Pods-TestChanel.release.xcconfig */;
			buildSettings = {
				ASSETCATALOG_COMPILER_APPICON_NAME = AppIcon;
				CODE_SIGN_STYLE = Automatic;
				CURRENT_PROJECT_VERSION = 1;
				DEVELOPMENT_TEAM = 5Z3QF7P489;
				INFOPLIST_FILE = "TestChanel/ProjectFiles/Info-dev.plist";
				IPHONEOS_DEPLOYMENT_TARGET = 13.0;
				LD_RUNPATH_SEARCH_PATHS = (
					"$(inherited)",
					"@executable_path/Frameworks",
				);
				MARKETING_VERSION = 1.0;
				OTHER_SWIFT_FLAGS = "$(inherited) -D COCOAPODS -DDEVELOPMENT";
				PRODUCT_BUNDLE_IDENTIFIER = "com.yas.TestChanel-dev";
				PRODUCT_NAME = "$(TARGET_NAME)";
				SWIFT_VERSION = 5.0;
				TARGETED_DEVICE_FAMILY = "1,2";
			};
			name = Release;
		};
		5074016E239D415B0031457B /* Debug */ = {
			isa = XCBuildConfiguration;
			buildSettings = {
				ALWAYS_SEARCH_USER_PATHS = NO;
				CLANG_ANALYZER_NONNULL = YES;
				CLANG_ANALYZER_NUMBER_OBJECT_CONVERSION = YES_AGGRESSIVE;
				CLANG_CXX_LANGUAGE_STANDARD = "gnu++14";
				CLANG_CXX_LIBRARY = "libc++";
				CLANG_ENABLE_MODULES = YES;
				CLANG_ENABLE_OBJC_ARC = YES;
				CLANG_ENABLE_OBJC_WEAK = YES;
				CLANG_WARN_BLOCK_CAPTURE_AUTORELEASING = YES;
				CLANG_WARN_BOOL_CONVERSION = YES;
				CLANG_WARN_COMMA = YES;
				CLANG_WARN_CONSTANT_CONVERSION = YES;
				CLANG_WARN_DEPRECATED_OBJC_IMPLEMENTATIONS = YES;
				CLANG_WARN_DIRECT_OBJC_ISA_USAGE = YES_ERROR;
				CLANG_WARN_DOCUMENTATION_COMMENTS = YES;
				CLANG_WARN_EMPTY_BODY = YES;
				CLANG_WARN_ENUM_CONVERSION = YES;
				CLANG_WARN_INFINITE_RECURSION = YES;
				CLANG_WARN_INT_CONVERSION = YES;
				CLANG_WARN_NON_LITERAL_NULL_CONVERSION = YES;
				CLANG_WARN_OBJC_IMPLICIT_RETAIN_SELF = YES;
				CLANG_WARN_OBJC_LITERAL_CONVERSION = YES;
				CLANG_WARN_OBJC_ROOT_CLASS = YES_ERROR;
				CLANG_WARN_RANGE_LOOP_ANALYSIS = YES;
				CLANG_WARN_STRICT_PROTOTYPES = YES;
				CLANG_WARN_SUSPICIOUS_MOVE = YES;
				CLANG_WARN_UNGUARDED_AVAILABILITY = YES_AGGRESSIVE;
				CLANG_WARN_UNREACHABLE_CODE = YES;
				CLANG_WARN__DUPLICATE_METHOD_MATCH = YES;
				COPY_PHASE_STRIP = NO;
				DEBUG_INFORMATION_FORMAT = dwarf;
				ENABLE_STRICT_OBJC_MSGSEND = YES;
				ENABLE_TESTABILITY = YES;
				GCC_C_LANGUAGE_STANDARD = gnu11;
				GCC_DYNAMIC_NO_PIC = NO;
				GCC_NO_COMMON_BLOCKS = YES;
				GCC_OPTIMIZATION_LEVEL = 0;
				GCC_PREPROCESSOR_DEFINITIONS = (
					"DEBUG=1",
					"$(inherited)",
				);
				GCC_WARN_64_TO_32_BIT_CONVERSION = YES;
				GCC_WARN_ABOUT_RETURN_TYPE = YES_ERROR;
				GCC_WARN_UNDECLARED_SELECTOR = YES;
				GCC_WARN_UNINITIALIZED_AUTOS = YES_AGGRESSIVE;
				GCC_WARN_UNUSED_FUNCTION = YES;
				GCC_WARN_UNUSED_VARIABLE = YES;
				IPHONEOS_DEPLOYMENT_TARGET = 13.2;
				MTL_ENABLE_DEBUG_INFO = INCLUDE_SOURCE;
				MTL_FAST_MATH = YES;
				ONLY_ACTIVE_ARCH = YES;
				SDKROOT = iphoneos;
				SWIFT_ACTIVE_COMPILATION_CONDITIONS = DEBUG;
				SWIFT_OPTIMIZATION_LEVEL = "-Onone";
			};
			name = Debug;
		};
		5074016F239D415B0031457B /* Release */ = {
			isa = XCBuildConfiguration;
			buildSettings = {
				ALWAYS_SEARCH_USER_PATHS = NO;
				CLANG_ANALYZER_NONNULL = YES;
				CLANG_ANALYZER_NUMBER_OBJECT_CONVERSION = YES_AGGRESSIVE;
				CLANG_CXX_LANGUAGE_STANDARD = "gnu++14";
				CLANG_CXX_LIBRARY = "libc++";
				CLANG_ENABLE_MODULES = YES;
				CLANG_ENABLE_OBJC_ARC = YES;
				CLANG_ENABLE_OBJC_WEAK = YES;
				CLANG_WARN_BLOCK_CAPTURE_AUTORELEASING = YES;
				CLANG_WARN_BOOL_CONVERSION = YES;
				CLANG_WARN_COMMA = YES;
				CLANG_WARN_CONSTANT_CONVERSION = YES;
				CLANG_WARN_DEPRECATED_OBJC_IMPLEMENTATIONS = YES;
				CLANG_WARN_DIRECT_OBJC_ISA_USAGE = YES_ERROR;
				CLANG_WARN_DOCUMENTATION_COMMENTS = YES;
				CLANG_WARN_EMPTY_BODY = YES;
				CLANG_WARN_ENUM_CONVERSION = YES;
				CLANG_WARN_INFINITE_RECURSION = YES;
				CLANG_WARN_INT_CONVERSION = YES;
				CLANG_WARN_NON_LITERAL_NULL_CONVERSION = YES;
				CLANG_WARN_OBJC_IMPLICIT_RETAIN_SELF = YES;
				CLANG_WARN_OBJC_LITERAL_CONVERSION = YES;
				CLANG_WARN_OBJC_ROOT_CLASS = YES_ERROR;
				CLANG_WARN_RANGE_LOOP_ANALYSIS = YES;
				CLANG_WARN_STRICT_PROTOTYPES = YES;
				CLANG_WARN_SUSPICIOUS_MOVE = YES;
				CLANG_WARN_UNGUARDED_AVAILABILITY = YES_AGGRESSIVE;
				CLANG_WARN_UNREACHABLE_CODE = YES;
				CLANG_WARN__DUPLICATE_METHOD_MATCH = YES;
				COPY_PHASE_STRIP = NO;
				DEBUG_INFORMATION_FORMAT = "dwarf-with-dsym";
				ENABLE_NS_ASSERTIONS = NO;
				ENABLE_STRICT_OBJC_MSGSEND = YES;
				GCC_C_LANGUAGE_STANDARD = gnu11;
				GCC_NO_COMMON_BLOCKS = YES;
				GCC_WARN_64_TO_32_BIT_CONVERSION = YES;
				GCC_WARN_ABOUT_RETURN_TYPE = YES_ERROR;
				GCC_WARN_UNDECLARED_SELECTOR = YES;
				GCC_WARN_UNINITIALIZED_AUTOS = YES_AGGRESSIVE;
				GCC_WARN_UNUSED_FUNCTION = YES;
				GCC_WARN_UNUSED_VARIABLE = YES;
				IPHONEOS_DEPLOYMENT_TARGET = 13.2;
				MTL_ENABLE_DEBUG_INFO = NO;
				MTL_FAST_MATH = YES;
				SDKROOT = iphoneos;
				SWIFT_COMPILATION_MODE = wholemodule;
				SWIFT_OPTIMIZATION_LEVEL = "-O";
				VALIDATE_PRODUCT = YES;
			};
			name = Release;
		};
		50740171239D415B0031457B /* Debug */ = {
			isa = XCBuildConfiguration;
			baseConfigurationReference = 2A9AFBB466BA6416F91879EF /* Pods-TestChanel.debug.xcconfig */;
			buildSettings = {
				ASSETCATALOG_COMPILER_APPICON_NAME = AppIcon;
				CODE_SIGN_STYLE = Automatic;
				DEVELOPMENT_TEAM = 5Z3QF7P489;
				INFOPLIST_FILE = TestChanel/ProjectFiles/Info.plist;
				IPHONEOS_DEPLOYMENT_TARGET = 13.0;
				LD_RUNPATH_SEARCH_PATHS = (
					"$(inherited)",
					"@executable_path/Frameworks",
				);
				PRODUCT_BUNDLE_IDENTIFIER = com.yas.TestChanel;
				PRODUCT_NAME = "$(TARGET_NAME)";
				SWIFT_VERSION = 5.0;
				TARGETED_DEVICE_FAMILY = 1;
			};
			name = Debug;
		};
		50740172239D415B0031457B /* Release */ = {
			isa = XCBuildConfiguration;
			baseConfigurationReference = D260BE55B2D357159D5254D6 /* Pods-TestChanel.release.xcconfig */;
			buildSettings = {
				ASSETCATALOG_COMPILER_APPICON_NAME = AppIcon;
				CODE_SIGN_STYLE = Automatic;
				DEVELOPMENT_TEAM = 5Z3QF7P489;
				INFOPLIST_FILE = TestChanel/ProjectFiles/Info.plist;
				IPHONEOS_DEPLOYMENT_TARGET = 13.0;
				LD_RUNPATH_SEARCH_PATHS = (
					"$(inherited)",
					"@executable_path/Frameworks",
				);
				PRODUCT_BUNDLE_IDENTIFIER = com.yas.TestChanel;
				PRODUCT_NAME = "$(TARGET_NAME)";
				SWIFT_VERSION = 5.0;
				TARGETED_DEVICE_FAMILY = 1;
			};
			name = Release;
		};
		50740174239D415B0031457B /* Debug */ = {
			isa = XCBuildConfiguration;
			baseConfigurationReference = 6FD1558922FF01D6AB28DAA6 /* Pods-TestChanelTests.debug.xcconfig */;
			buildSettings = {
				ALWAYS_EMBED_SWIFT_STANDARD_LIBRARIES = YES;
				BUNDLE_LOADER = "$(TEST_HOST)";
				CODE_SIGN_STYLE = Automatic;
				DEVELOPMENT_TEAM = 5Z3QF7P489;
				INFOPLIST_FILE = TestChanelTests/Info.plist;
				IPHONEOS_DEPLOYMENT_TARGET = 13.2;
				LD_RUNPATH_SEARCH_PATHS = (
					"$(inherited)",
					"@executable_path/Frameworks",
					"@loader_path/Frameworks",
				);
				PRODUCT_BUNDLE_IDENTIFIER = com.yas.TestChanelTests;
				PRODUCT_NAME = "$(TARGET_NAME)";
				SWIFT_VERSION = 5.0;
				TARGETED_DEVICE_FAMILY = "1,2";
				TEST_HOST = "$(BUILT_PRODUCTS_DIR)/TestChanel.app/TestChanel";
			};
			name = Debug;
		};
		50740175239D415B0031457B /* Release */ = {
			isa = XCBuildConfiguration;
			baseConfigurationReference = 7E1103EC1546F65C7F382ED3 /* Pods-TestChanelTests.release.xcconfig */;
			buildSettings = {
				ALWAYS_EMBED_SWIFT_STANDARD_LIBRARIES = YES;
				BUNDLE_LOADER = "$(TEST_HOST)";
				CODE_SIGN_STYLE = Automatic;
				DEVELOPMENT_TEAM = 5Z3QF7P489;
				INFOPLIST_FILE = TestChanelTests/Info.plist;
				IPHONEOS_DEPLOYMENT_TARGET = 13.2;
				LD_RUNPATH_SEARCH_PATHS = (
					"$(inherited)",
					"@executable_path/Frameworks",
					"@loader_path/Frameworks",
				);
				PRODUCT_BUNDLE_IDENTIFIER = com.yas.TestChanelTests;
				PRODUCT_NAME = "$(TARGET_NAME)";
				SWIFT_VERSION = 5.0;
				TARGETED_DEVICE_FAMILY = "1,2";
				TEST_HOST = "$(BUILT_PRODUCTS_DIR)/TestChanel.app/TestChanel";
			};
			name = Release;
		};
		50740177239D415B0031457B /* Debug */ = {
			isa = XCBuildConfiguration;
			baseConfigurationReference = 366146287C950FBA534708F8 /* Pods-TestChanel-TestChanelUITests.debug.xcconfig */;
			buildSettings = {
				ALWAYS_EMBED_SWIFT_STANDARD_LIBRARIES = YES;
				CODE_SIGN_STYLE = Automatic;
				DEVELOPMENT_TEAM = 5Z3QF7P489;
				INFOPLIST_FILE = TestChanelUITests/Info.plist;
				LD_RUNPATH_SEARCH_PATHS = (
					"$(inherited)",
					"@executable_path/Frameworks",
					"@loader_path/Frameworks",
				);
				PRODUCT_BUNDLE_IDENTIFIER = com.yas.TestChanelUITests;
				PRODUCT_NAME = "$(TARGET_NAME)";
				SWIFT_VERSION = 5.0;
				TARGETED_DEVICE_FAMILY = "1,2";
				TEST_TARGET_NAME = TestChanel;
			};
			name = Debug;
		};
		50740178239D415B0031457B /* Release */ = {
			isa = XCBuildConfiguration;
			baseConfigurationReference = 2828190AD8AA8F83B5447F1B /* Pods-TestChanel-TestChanelUITests.release.xcconfig */;
			buildSettings = {
				ALWAYS_EMBED_SWIFT_STANDARD_LIBRARIES = YES;
				CODE_SIGN_STYLE = Automatic;
				DEVELOPMENT_TEAM = 5Z3QF7P489;
				INFOPLIST_FILE = TestChanelUITests/Info.plist;
				LD_RUNPATH_SEARCH_PATHS = (
					"$(inherited)",
					"@executable_path/Frameworks",
					"@loader_path/Frameworks",
				);
				PRODUCT_BUNDLE_IDENTIFIER = com.yas.TestChanelUITests;
				PRODUCT_NAME = "$(TARGET_NAME)";
				SWIFT_VERSION = 5.0;
				TARGETED_DEVICE_FAMILY = "1,2";
				TEST_TARGET_NAME = TestChanel;
			};
			name = Release;
		};
/* End XCBuildConfiguration section */

/* Begin XCConfigurationList section */
		50444CC3239E1347008FD989 /* Build configuration list for PBXNativeTarget "TestChanel-dev" */ = {
			isa = XCConfigurationList;
			buildConfigurations = (
				50444CC4239E1347008FD989 /* Debug */,
				50444CC5239E1347008FD989 /* Release */,
			);
			defaultConfigurationIsVisible = 0;
			defaultConfigurationName = Release;
		};
		50740141239D41560031457B /* Build configuration list for PBXProject "TestChanel" */ = {
			isa = XCConfigurationList;
			buildConfigurations = (
				5074016E239D415B0031457B /* Debug */,
				5074016F239D415B0031457B /* Release */,
			);
			defaultConfigurationIsVisible = 0;
			defaultConfigurationName = Release;
		};
		50740170239D415B0031457B /* Build configuration list for PBXNativeTarget "TestChanel" */ = {
			isa = XCConfigurationList;
			buildConfigurations = (
				50740171239D415B0031457B /* Debug */,
				50740172239D415B0031457B /* Release */,
			);
			defaultConfigurationIsVisible = 0;
			defaultConfigurationName = Release;
		};
		50740173239D415B0031457B /* Build configuration list for PBXNativeTarget "TestChanelTests" */ = {
			isa = XCConfigurationList;
			buildConfigurations = (
				50740174239D415B0031457B /* Debug */,
				50740175239D415B0031457B /* Release */,
			);
			defaultConfigurationIsVisible = 0;
			defaultConfigurationName = Release;
		};
		50740176239D415B0031457B /* Build configuration list for PBXNativeTarget "TestChanelUITests" */ = {
			isa = XCConfigurationList;
			buildConfigurations = (
				50740177239D415B0031457B /* Debug */,
				50740178239D415B0031457B /* Release */,
			);
			defaultConfigurationIsVisible = 0;
			defaultConfigurationName = Release;
		};
/* End XCConfigurationList section */
	};
	rootObject = 5074013E239D41560031457B /* Project object */;
}
